
Microsoft Visual Studio Solution File, Format Version 12.00
# Visual Studio Version 17
VisualStudioVersion = 17.4.33015.44
MinimumVisualStudioVersion = 10.0.40219.1
Project("{9A19103F-16F7-4668-BE54-9A1E7A4F7556}") = "Web", "An application to collect and share photos\Web.csproj", "{8BC7E9AC-8530-47B7-8277-54E7CACD6C45}"
EndProject
Project("{9A19103F-16F7-4668-BE54-9A1E7A4F7556}") = "Domain", "Domain\Domain.csproj", "{D993F3C2-5CF9-4186-BDFC-334C48156AB0}"
EndProject
Project("{9A19103F-16F7-4668-BE54-9A1E7A4F7556}") = "ApplicationLayer", "ApplicationLayer\ApplicationLayer.csproj", "{AE254169-6260-40CF-A750-A9F0B6446B54}"
EndProject
Project("{9A19103F-16F7-4668-BE54-9A1E7A4F7556}") = "Unit Test", "Unit Test\Unit Test.csproj", "{1B12D8D1-4CB0-4375-ABF9-6AEE62DB29EA}"
EndProject
Project("{9A19103F-16F7-4668-BE54-9A1E7A4F7556}") = "WebApi", "Web_Api\WebApi.csproj", "{9AA46F8E-01BD-4A87-98B6-65DBDF9C675B}"
EndProject
Project("{9A19103F-16F7-4668-BE54-9A1E7A4F7556}") = "Infrastructure", "Infrastructureee\Infrastructure.csproj", "{140DA84D-6220-4751-9F8E-B381827DBF6B}"
EndProject
Global
	GlobalSection(SolutionConfigurationPlatforms) = preSolution
		Debug|Any CPU = Debug|Any CPU
		Release|Any CPU = Release|Any CPU
	EndGlobalSection
	GlobalSection(ProjectConfigurationPlatforms) = postSolution
		{8BC7E9AC-8530-47B7-8277-54E7CACD6C45}.Debug|Any CPU.ActiveCfg = Debug|Any CPU
		{8BC7E9AC-8530-47B7-8277-54E7CACD6C45}.Debug|Any CPU.Build.0 = Debug|Any CPU
		{8BC7E9AC-8530-47B7-8277-54E7CACD6C45}.Release|Any CPU.ActiveCfg = Release|Any CPU
		{8BC7E9AC-8530-47B7-8277-54E7CACD6C45}.Release|Any CPU.Build.0 = Release|Any CPU
		{D993F3C2-5CF9-4186-BDFC-334C48156AB0}.Debug|Any CPU.ActiveCfg = Debug|Any CPU
		{D993F3C2-5CF9-4186-BDFC-334C48156AB0}.Debug|Any CPU.Build.0 = Debug|Any CPU
		{D993F3C2-5CF9-4186-BDFC-334C48156AB0}.Release|Any CPU.ActiveCfg = Release|Any CPU
		{D993F3C2-5CF9-4186-BDFC-334C48156AB0}.Release|Any CPU.Build.0 = Release|Any CPU
		{AE254169-6260-40CF-A750-A9F0B6446B54}.Debug|Any CPU.ActiveCfg = Debug|Any CPU
		{AE254169-6260-40CF-A750-A9F0B6446B54}.Debug|Any CPU.Build.0 = Debug|Any CPU
		{AE254169-6260-40CF-A750-A9F0B6446B54}.Release|Any CPU.ActiveCfg = Release|Any CPU
		{AE254169-6260-40CF-A750-A9F0B6446B54}.Release|Any CPU.Build.0 = Release|Any CPU
		{1B12D8D1-4CB0-4375-ABF9-6AEE62DB29EA}.Debug|Any CPU.ActiveCfg = Debug|Any CPU
		{1B12D8D1-4CB0-4375-ABF9-6AEE62DB29EA}.Debug|Any CPU.Build.0 = Debug|Any CPU
		{1B12D8D1-4CB0-4375-ABF9-6AEE62DB29EA}.Release|Any CPU.ActiveCfg = Release|Any CPU
		{1B12D8D1-4CB0-4375-ABF9-6AEE62DB29EA}.Release|Any CPU.Build.0 = Release|Any CPU
		{9AA46F8E-01BD-4A87-98B6-65DBDF9C675B}.Debug|Any CPU.ActiveCfg = Debug|Any CPU
		{9AA46F8E-01BD-4A87-98B6-65DBDF9C675B}.Debug|Any CPU.Build.0 = Debug|Any CPU
		{9AA46F8E-01BD-4A87-98B6-65DBDF9C675B}.Release|Any CPU.ActiveCfg = Release|Any CPU
		{9AA46F8E-01BD-4A87-98B6-65DBDF9C675B}.Release|Any CPU.Build.0 = Release|Any CPU
		{140DA84D-6220-4751-9F8E-B381827DBF6B}.Debug|Any CPU.ActiveCfg = Debug|Any CPU
		{140DA84D-6220-4751-9F8E-B381827DBF6B}.Debug|Any CPU.Build.0 = Debug|Any CPU
		{140DA84D-6220-4751-9F8E-B381827DBF6B}.Release|Any CPU.ActiveCfg = Release|Any CPU
		{140DA84D-6220-4751-9F8E-B381827DBF6B}.Release|Any CPU.Build.0 = Release|Any CPU
	EndGlobalSection
	GlobalSection(SolutionProperties) = preSolution
		HideSolutionNode = FALSE
	EndGlobalSection
	GlobalSection(ExtensibilityGlobals) = postSolution
		SolutionGuid = {BAE38B5A-C3C9-40F6-BB03-35A18B5C207C}
	EndGlobalSection
EndGlobal
